
Microsoft Visual Studio Solution File, Format Version 12.00
# Visual Studio Version 17
VisualStudioVersion = 17.12.35707.178
MinimumVisualStudioVersion = 10.0.40219.1
Project("{FAE04EC0-301F-11D3-BF4B-00C04F79EFBC}") = "AnubisScales.Abstractions", "AnubisScales.Abstractions\AnubisScales.Abstractions.csproj", "{5E5B71F6-7C27-4010-B87A-AA4870B82BDD}"
EndProject
Project("{FAE04EC0-301F-11D3-BF4B-00C04F79EFBC}") = "AnubisScales.Abstractions.UnitTests", "AnubisScales.Abstractions.UnitTests\AnubisScales.Abstractions.UnitTests.csproj", "{87D9B79A-AA0A-4617-B90E-0063D31578A1}"
EndProject
Project("{FAE04EC0-301F-11D3-BF4B-00C04F79EFBC}") = "AnubisScales.AspNetCore", "AnubisScales.AspNetCore\AnubisScales.AspNetCore.csproj", "{F0C7EBD7-077C-41AA-9BD1-704174A21673}"
EndProject
Project("{FAE04EC0-301F-11D3-BF4B-00C04F79EFBC}") = "AnubisScales.AspNetCore.UnitTests", "AnubisScales.AspNetCore.UnitTests\AnubisScales.AspNetCore.UnitTests.csproj", "{D2BFC442-9FDD-45F5-90E7-52A38F043254}"
EndProject
Project("{2150E333-8FDC-42A3-9474-1A3956D46DE8}") = "方案項目", "方案項目", "{4CB84E98-B3DC-4B8E-9345-160448C1DD92}"
	ProjectSection(SolutionItems) = preProject
		.editorconfig = .editorconfig
	EndProjectSection
EndProject
Global
	GlobalSection(SolutionConfigurationPlatforms) = preSolution
		Debug|Any CPU = Debug|Any CPU
		Release|Any CPU = Release|Any CPU
	EndGlobalSection
	GlobalSection(ProjectConfigurationPlatforms) = postSolution
		{5E5B71F6-7C27-4010-B87A-AA4870B82BDD}.Debug|Any CPU.ActiveCfg = Debug|Any CPU
		{5E5B71F6-7C27-4010-B87A-AA4870B82BDD}.Debug|Any CPU.Build.0 = Debug|Any CPU
		{5E5B71F6-7C27-4010-B87A-AA4870B82BDD}.Release|Any CPU.ActiveCfg = Release|Any CPU
		{5E5B71F6-7C27-4010-B87A-AA4870B82BDD}.Release|Any CPU.Build.0 = Release|Any CPU
		{87D9B79A-AA0A-4617-B90E-0063D31578A1}.Debug|Any CPU.ActiveCfg = Debug|Any CPU
		{87D9B79A-AA0A-4617-B90E-0063D31578A1}.Debug|Any CPU.Build.0 = Debug|Any CPU
		{87D9B79A-AA0A-4617-B90E-0063D31578A1}.Release|Any CPU.ActiveCfg = Release|Any CPU
		{87D9B79A-AA0A-4617-B90E-0063D31578A1}.Release|Any CPU.Build.0 = Release|Any CPU
		{F0C7EBD7-077C-41AA-9BD1-704174A21673}.Debug|Any CPU.ActiveCfg = Debug|Any CPU
		{F0C7EBD7-077C-41AA-9BD1-704174A21673}.Debug|Any CPU.Build.0 = Debug|Any CPU
		{F0C7EBD7-077C-41AA-9BD1-704174A21673}.Release|Any CPU.ActiveCfg = Release|Any CPU
		{F0C7EBD7-077C-41AA-9BD1-704174A21673}.Release|Any CPU.Build.0 = Release|Any CPU
		{D2BFC442-9FDD-45F5-90E7-52A38F043254}.Debug|Any CPU.ActiveCfg = Debug|Any CPU
		{D2BFC442-9FDD-45F5-90E7-52A38F043254}.Debug|Any CPU.Build.0 = Debug|Any CPU
		{D2BFC442-9FDD-45F5-90E7-52A38F043254}.Release|Any CPU.ActiveCfg = Release|Any CPU
		{D2BFC442-9FDD-45F5-90E7-52A38F043254}.Release|Any CPU.Build.0 = Release|Any CPU
	EndGlobalSection
	GlobalSection(SolutionProperties) = preSolution
		HideSolutionNode = FALSE
	EndGlobalSection
EndGlobal
